
Microsoft Visual Studio Solution File, Format Version 12.00
# Visual Studio Version 17
VisualStudioVersion = 17.2.32630.192
MinimumVisualStudioVersion = 10.0.40219.1
Project("{8BC9CEB8-8B4A-11D0-8D11-00A0C91BC942}") = "NETSDL2", "NETSDL2\NETSDL2.vcxproj", "{B3BF0BC5-0099-49E4-AE34-05EA17715437}"
EndProject
Project("{FAE04EC0-301F-11D3-BF4B-00C04F79EFBC}") = "NETSDL2Test", "NETSDL2Test\NETSDL2Test.csproj", "{AFEF2810-98A9-4FA5-882A-B30A27B1D5C4}"
EndProject
Global
	GlobalSection(SolutionConfigurationPlatforms) = preSolution
		Debug|Any CPU = Debug|Any CPU
		Debug|x64 = Debug|x64
		Debug|x86 = Debug|x86
		Release|Any CPU = Release|Any CPU
		Release|x64 = Release|x64
		Release|x86 = Release|x86
	EndGlobalSection
	GlobalSection(ProjectConfigurationPlatforms) = postSolution
		{B3BF0BC5-0099-49E4-AE34-05EA17715437}.Debug|Any CPU.ActiveCfg = Debug|x64
		{B3BF0BC5-0099-49E4-AE34-05EA17715437}.Debug|Any CPU.Build.0 = Debug|x64
		{B3BF0BC5-0099-49E4-AE34-05EA17715437}.Debug|x64.ActiveCfg = Debug|x64
		{B3BF0BC5-0099-49E4-AE34-05EA17715437}.Debug|x64.Build.0 = Debug|x64
		{B3BF0BC5-0099-49E4-AE34-05EA17715437}.Debug|x86.ActiveCfg = Debug|Win32
		{B3BF0BC5-0099-49E4-AE34-05EA17715437}.Debug|x86.Build.0 = Debug|Win32
		{B3BF0BC5-0099-49E4-AE34-05EA17715437}.Release|Any CPU.ActiveCfg = Release|x64
		{B3BF0BC5-0099-49E4-AE34-05EA17715437}.Release|Any CPU.Build.0 = Release|x64
		{B3BF0BC5-0099-49E4-AE34-05EA17715437}.Release|x64.ActiveCfg = Release|x64
		{B3BF0BC5-0099-49E4-AE34-05EA17715437}.Release|x64.Build.0 = Release|x64
		{B3BF0BC5-0099-49E4-AE34-05EA17715437}.Release|x86.ActiveCfg = Release|Win32
		{B3BF0BC5-0099-49E4-AE34-05EA17715437}.Release|x86.Build.0 = Release|Win32
		{AFEF2810-98A9-4FA5-882A-B30A27B1D5C4}.Debug|Any CPU.ActiveCfg = Debug|Any CPU
		{AFEF2810-98A9-4FA5-882A-B30A27B1D5C4}.Debug|Any CPU.Build.0 = Debug|Any CPU
		{AFEF2810-98A9-4FA5-882A-B30A27B1D5C4}.Debug|x64.ActiveCfg = Debug|x64
		{AFEF2810-98A9-4FA5-882A-B30A27B1D5C4}.Debug|x64.Build.0 = Debug|x64
		{AFEF2810-98A9-4FA5-882A-B30A27B1D5C4}.Debug|x86.ActiveCfg = Debug|Any CPU
		{AFEF2810-98A9-4FA5-882A-B30A27B1D5C4}.Debug|x86.Build.0 = Debug|Any CPU
		{AFEF2810-98A9-4FA5-882A-B30A27B1D5C4}.Release|Any CPU.ActiveCfg = Release|Any CPU
		{AFEF2810-98A9-4FA5-882A-B30A27B1D5C4}.Release|Any CPU.Build.0 = Release|Any CPU
		{AFEF2810-98A9-4FA5-882A-B30A27B1D5C4}.Release|x64.ActiveCfg = Release|x64
		{AFEF2810-98A9-4FA5-882A-B30A27B1D5C4}.Release|x64.Build.0 = Release|x64
		{AFEF2810-98A9-4FA5-882A-B30A27B1D5C4}.Release|x86.ActiveCfg = Release|Any CPU
		{AFEF2810-98A9-4FA5-882A-B30A27B1D5C4}.Release|x86.Build.0 = Release|Any CPU
	EndGlobalSection
	GlobalSection(SolutionProperties) = preSolution
		HideSolutionNode = FALSE
	EndGlobalSection
	GlobalSection(ExtensibilityGlobals) = postSolution
		SolutionGuid = {CC1D547D-D0A7-4295-B69F-8B9111C684EA}
	EndGlobalSection
EndGlobal
